
Microsoft Visual Studio Solution File, Format Version 12.00
# Visual Studio 15
VisualStudioVersion = 15.0.26430.12
MinimumVisualStudioVersion = 10.0.40219.1
Project("{FAE04EC0-301F-11D3-BF4B-00C04F79EFBC}") = "TestCodeFirstApp", "TestCodeFirstApp\TestCodeFirstApp.csproj", "{1116A5A0-91B2-4A41-B5E2-4076D36B19C4}"
EndProject
Project("{FAE04EC0-301F-11D3-BF4B-00C04F79EFBC}") = "CodeFirst", "CodeFirst\CodeFirst.csproj", "{D696CDED-A15B-408D-BEB9-33BE58165687}"
EndProject
Project("{FAE04EC0-301F-11D3-BF4B-00C04F79EFBC}") = "MVVMFrameWork", "MVVMFrameWork\MVVMFrameWork.csproj", "{8E7532D9-2510-41DE-A2E4-9EF2EF09FA94}"
EndProject
Global
	GlobalSection(SolutionConfigurationPlatforms) = preSolution
		Debug|Any CPU = Debug|Any CPU
		Release|Any CPU = Release|Any CPU
	EndGlobalSection
	GlobalSection(ProjectConfigurationPlatforms) = postSolution
		{1116A5A0-91B2-4A41-B5E2-4076D36B19C4}.Debug|Any CPU.ActiveCfg = Debug|Any CPU
		{1116A5A0-91B2-4A41-B5E2-4076D36B19C4}.Debug|Any CPU.Build.0 = Debug|Any CPU
		{1116A5A0-91B2-4A41-B5E2-4076D36B19C4}.Release|Any CPU.ActiveCfg = Release|Any CPU
		{1116A5A0-91B2-4A41-B5E2-4076D36B19C4}.Release|Any CPU.Build.0 = Release|Any CPU
		{D696CDED-A15B-408D-BEB9-33BE58165687}.Debug|Any CPU.ActiveCfg = Debug|Any CPU
		{D696CDED-A15B-408D-BEB9-33BE58165687}.Debug|Any CPU.Build.0 = Debug|Any CPU
		{D696CDED-A15B-408D-BEB9-33BE58165687}.Release|Any CPU.ActiveCfg = Release|Any CPU
		{D696CDED-A15B-408D-BEB9-33BE58165687}.Release|Any CPU.Build.0 = Release|Any CPU
		{8E7532D9-2510-41DE-A2E4-9EF2EF09FA94}.Debug|Any CPU.ActiveCfg = Debug|Any CPU
		{8E7532D9-2510-41DE-A2E4-9EF2EF09FA94}.Debug|Any CPU.Build.0 = Debug|Any CPU
		{8E7532D9-2510-41DE-A2E4-9EF2EF09FA94}.Release|Any CPU.ActiveCfg = Release|Any CPU
		{8E7532D9-2510-41DE-A2E4-9EF2EF09FA94}.Release|Any CPU.Build.0 = Release|Any CPU
	EndGlobalSection
	GlobalSection(SolutionProperties) = preSolution
		HideSolutionNode = FALSE
	EndGlobalSection
EndGlobal
